// !$*UTF8*$!
{
	archiveVersion = 1;
	classes = {
	};
	objectVersion = 48;
	objects = {

/* Begin PBXBuildFile section */
		276ADBDF22493FA300DE8474 /* AppDelegate.swift in Sources */ = {isa = PBXBuildFile; fileRef = 276ADBDE22493FA300DE8474 /* AppDelegate.swift */; };
		276ADBE122493FA300DE8474 /* ViewController.swift in Sources */ = {isa = PBXBuildFile; fileRef = 276ADBE022493FA300DE8474 /* ViewController.swift */; };
		276ADBE422493FA300DE8474 /* Main.storyboard in Resources */ = {isa = PBXBuildFile; fileRef = 276ADBE222493FA300DE8474 /* Main.storyboard */; };
		276ADBE622493FA300DE8474 /* Assets.xcassets in Resources */ = {isa = PBXBuildFile; fileRef = 276ADBE522493FA300DE8474 /* Assets.xcassets */; };
		276ADBE922493FA300DE8474 /* LaunchScreen.storyboard in Resources */ = {isa = PBXBuildFile; fileRef = 276ADBE722493FA300DE8474 /* LaunchScreen.storyboard */; };
		276ADBF12249451700DE8474 /* Contact.swift in Sources */ = {isa = PBXBuildFile; fileRef = 276ADBF02249451700DE8474 /* Contact.swift */; };
/* End PBXBuildFile section */

/* Begin PBXFileReference section */
		276ADBDB22493FA300DE8474 /* Rolodex.app */ = {isa = PBXFileReference; explicitFileType = wrapper.application; includeInIndex = 0; path = Rolodex.app; sourceTree = BUILT_PRODUCTS_DIR; };
		276ADBDE22493FA300DE8474 /* AppDelegate.swift */ = {isa = PBXFileReference; lastKnownFileType = sourcecode.swift; path = AppDelegate.swift; sourceTree = "<group>"; };
		276ADBE022493FA300DE8474 /* ViewController.swift */ = {isa = PBXFileReference; lastKnownFileType = sourcecode.swift; path = ViewController.swift; sourceTree = "<group>"; };
		276ADBE322493FA300DE8474 /* Base */ = {isa = PBXFileReference; lastKnownFileType = file.storyboard; name = Base; path = Base.lproj/Main.storyboard; sourceTree = "<group>"; };
		276ADBE522493FA300DE8474 /* Assets.xcassets */ = {isa = PBXFileReference; lastKnownFileType = folder.assetcatalog; path = Assets.xcassets; sourceTree = "<group>"; };
		276ADBE822493FA300DE8474 /* Base */ = {isa = PBXFileReference; lastKnownFileType = file.storyboard; name = Base; path = Base.lproj/LaunchScreen.storyboard; sourceTree = "<group>"; };
		276ADBEA22493FA300DE8474 /* Info.plist */ = {isa = PBXFileReference; lastKnownFileType = text.plist.xml; path = Info.plist; sourceTree = "<group>"; };
		276ADBF02249451700DE8474 /* Contact.swift */ = {isa = PBXFileReference; lastKnownFileType = sourcecode.swift; path = Contact.swift; sourceTree = "<group>"; };
/* End PBXFileReference section */

/* Begin PBXFrameworksBuildPhase section */
		276ADBD822493FA200DE8474 /* Frameworks */ = {
			isa = PBXFrameworksBuildPhase;
			buildActionMask = 2147483647;
			files = (
			);
			runOnlyForDeploymentPostprocessing = 0;
		};
/* End PBXFrameworksBuildPhase section */

/* Begin PBXGroup section */
		18905F2946332E895B8ADEFE /* Pods */ = {
			isa = PBXGroup;
			children = (
			);
			path = Pods;
			sourceTree = "<group>";
		};
		276ADBD222493FA200DE8474 = {
			isa = PBXGroup;
			children = (
				276ADBDD22493FA300DE8474 /* Rolodex */,
				276ADBDC22493FA300DE8474 /* Products */,
				18905F2946332E895B8ADEFE /* Pods */,
			);
			sourceTree = "<group>";
		};
		276ADBDC22493FA300DE8474 /* Products */ = {
			isa = PBXGroup;
			children = (
				276ADBDB22493FA300DE8474 /* Rolodex.app */,
			);
			name = Products;
			sourceTree = "<group>";
		};
		276ADBDD22493FA300DE8474 /* Rolodex */ = {
			isa = PBXGroup;
			children = (
				276ADBDE22493FA300DE8474 /* AppDelegate.swift */,
				276ADBE022493FA300DE8474 /* ViewController.swift */,
				276ADBE222493FA300DE8474 /* Main.storyboard */,
				276ADBE522493FA300DE8474 /* Assets.xcassets */,
				276ADBE722493FA300DE8474 /* LaunchScreen.storyboard */,
				276ADBEA22493FA300DE8474 /* Info.plist */,
				276ADBF02249451700DE8474 /* Contact.swift */,
			);
			path = Rolodex;
			sourceTree = "<group>";
		};
/* End PBXGroup section */

/* Begin PBXNativeTarget section */
		276ADBDA22493FA200DE8474 /* Rolodex */ = {
			isa = PBXNativeTarget;
			buildConfigurationList = 276ADBED22493FA300DE8474 /* Build configuration list for PBXNativeTarget "Rolodex" */;
			buildPhases = (
				276ADBD722493FA200DE8474 /* Sources */,
				276ADBD822493FA200DE8474 /* Frameworks */,
				276ADBD922493FA200DE8474 /* Resources */,
			);
			buildRules = (
			);
			dependencies = (
			);
			name = Rolodex;
			productName = Rolodex;
			productReference = 276ADBDB22493FA300DE8474 /* Rolodex.app */;
			productType = "com.apple.product-type.application";
		};
/* End PBXNativeTarget section */

/* Begin PBXProject section */
		276ADBD322493FA200DE8474 /* Project object */ = {
			isa = PBXProject;
			attributes = {
				LastSwiftUpdateCheck = 0920;
				LastUpgradeCheck = 0920;
				ORGANIZATIONNAME = "Christina Wolff";
				TargetAttributes = {
					276ADBDA22493FA200DE8474 = {
						CreatedOnToolsVersion = 9.2;
						ProvisioningStyle = Automatic;
					};
				};
			};
			buildConfigurationList = 276ADBD622493FA200DE8474 /* Build configuration list for PBXProject "Rolodex" */;
			compatibilityVersion = "Xcode 8.0";
			developmentRegion = en;
			hasScannedForEncodings = 0;
			knownRegions = (
				en,
				Base,
			);
			mainGroup = 276ADBD222493FA200DE8474;
			productRefGroup = 276ADBDC22493FA300DE8474 /* Products */;
			projectDirPath = "";
			projectRoot = "";
			targets = (
				276ADBDA22493FA200DE8474 /* Rolodex */,
			);
		};
/* End PBXProject section */

/* Begin PBXResourcesBuildPhase section */
		276ADBD922493FA200DE8474 /* Resources */ = {
			isa = PBXResourcesBuildPhase;
			buildActionMask = 2147483647;
			files = (
				276ADBE922493FA300DE8474 /* LaunchScreen.storyboard in Resources */,
				276ADBE622493FA300DE8474 /* Assets.xcassets in Resources */,
				276ADBE422493FA300DE8474 /* Main.storyboard in Resources */,
			);
			runOnlyForDeploymentPostprocessing = 0;
		};
/* End PBXResourcesBuildPhase section */

/* Begin PBXSourcesBuildPhase section */
		276ADBD722493FA200DE8474 /* Sources */ = {
			isa = PBXSourcesBuildPhase;
			buildActionMask = 2147483647;
			files = (
				276ADBF12249451700DE8474 /* Contact.swift in Sources */,
				276ADBE122493FA300DE8474 /* ViewController.swift in Sources */,
				276ADBDF22493FA300DE8474 /* AppDelegate.swift in Sources */,
			);
			runOnlyForDeploymentPostprocessing = 0;
		};
/* End PBXSourcesBuildPhase section */

/* Begin PBXVariantGroup section */
		276ADBE222493FA300DE8474 /* Main.storyboard */ = {
			isa = PBXVariantGroup;
			children = (
				276ADBE322493FA300DE8474 /* Base */,
			);
			name = Main.storyboard;
			sourceTree = "<group>";
		};
		276ADBE722493FA300DE8474 /* LaunchScreen.storyboard */ = {
			isa = PBXVariantGroup;
			children = (
				276ADBE822493FA300DE8474 /* Base */,
			);
			name = LaunchScreen.storyboard;
			sourceTree = "<group>";
		};
/* End PBXVariantGroup section */

/* Begin XCBuildConfiguration section */
		276ADBEB22493FA300DE8474 /* Debug */ = {
			isa = XCBuildConfiguration;
			buildSettings = {
				ALWAYS_SEARCH_USER_PATHS = NO;
				CLANG_ANALYZER_NONNULL = YES;
				CLANG_ANALYZER_NUMBER_OBJECT_CONVERSION = YES_AGGRESSIVE;
				CLANG_CXX_LANGUAGE_STANDARD = "gnu++14";
				CLANG_CXX_LIBRARY = "libc++";
				CLANG_ENABLE_MODULES = YES;
				CLANG_ENABLE_OBJC_ARC = YES;
				CLANG_WARN_BLOCK_CAPTURE_AUTORELEASING = YES;
				CLANG_WARN_BOOL_CONVERSION = YES;
				CLANG_WARN_COMMA = YES;
				CLANG_WARN_CONSTANT_CONVERSION = YES;
				CLANG_WARN_DIRECT_OBJC_ISA_USAGE = YES_ERROR;
				CLANG_WARN_DOCUMENTATION_COMMENTS = YES;
				CLANG_WARN_EMPTY_BODY = YES;
				CLANG_WARN_ENUM_CONVERSION = YES;
				CLANG_WARN_INFINITE_RECURSION = YES;
				CLANG_WARN_INT_CONVERSION = YES;
				CLANG_WARN_NON_LITERAL_NULL_CONVERSION = YES;
				CLANG_WARN_OBJC_LITERAL_CONVERSION = YES;
				CLANG_WARN_OBJC_ROOT_CLASS = YES_ERROR;
				CLANG_WARN_RANGE_LOOP_ANALYSIS = YES;
				CLANG_WARN_STRICT_PROTOTYPES = YES;
				CLANG_WARN_SUSPICIOUS_MOVE = YES;
				CLANG_WARN_UNGUARDED_AVAILABILITY = YES_AGGRESSIVE;
				CLANG_WARN_UNREACHABLE_CODE = YES;
				CLANG_WARN__DUPLICATE_METHOD_MATCH = YES;
				CODE_SIGN_IDENTITY = "iPhone Developer";
				COPY_PHASE_STRIP = NO;
				DEBUG_INFORMATION_FORMAT = dwarf;
				ENABLE_STRICT_OBJC_MSGSEND = YES;
				ENABLE_TESTABILITY = YES;
				GCC_C_LANGUAGE_STANDARD = gnu11;
				GCC_DYNAMIC_NO_PIC = NO;
				GCC_NO_COMMON_BLOCKS = YES;
				GCC_OPTIMIZATION_LEVEL = 0;
				GCC_PREPROCESSOR_DEFINITIONS = (
					"DEBUG=1",
					"$(inherited)",
				);
				GCC_WARN_64_TO_32_BIT_CONVERSION = YES;
				GCC_WARN_ABOUT_RETURN_TYPE = YES_ERROR;
				GCC_WARN_UNDECLARED_SELECTOR = YES;
				GCC_WARN_UNINITIALIZED_AUTOS = YES_AGGRESSIVE;
				GCC_WARN_UNUSED_FUNCTION = YES;
				GCC_WARN_UNUSED_VARIABLE = YES;
				IPHONEOS_DEPLOYMENT_TARGET = 11.2;
				MTL_ENABLE_DEBUG_INFO = YES;
				ONLY_ACTIVE_ARCH = YES;
				SDKROOT = iphoneos;
				SWIFT_ACTIVE_COMPILATION_CONDITIONS = DEBUG;
				SWIFT_OPTIMIZATION_LEVEL = "-Onone";
			};
			name = Debug;
		};
		276ADBEC22493FA300DE8474 /* Release */ = {
			isa = XCBuildConfiguration;
			buildSettings = {
				ALWAYS_SEARCH_USER_PATHS = NO;
				CLANG_ANALYZER_NONNULL = YES;
				CLANG_ANALYZER_NUMBER_OBJECT_CONVERSION = YES_AGGRESSIVE;
				CLANG_CXX_LANGUAGE_STANDARD = "gnu++14";
				CLANG_CXX_LIBRARY = "libc++";
				CLANG_ENABLE_MODULES = YES;
				CLANG_ENABLE_OBJC_ARC = YES;
				CLANG_WARN_BLOCK_CAPTURE_AUTORELEASING = YES;
				CLANG_WARN_BOOL_CONVERSION = YES;
				CLANG_WARN_COMMA = YES;
				CLANG_WARN_CONSTANT_CONVERSION = YES;
				CLANG_WARN_DIRECT_OBJC_ISA_USAGE = YES_ERROR;
				CLANG_WARN_DOCUMENTATION_COMMENTS = YES;
				CLANG_WARN_EMPTY_BODY = YES;
				CLANG_WARN_ENUM_CONVERSION = YES;
				CLANG_WARN_INFINITE_RECURSION = YES;
				CLANG_WARN_INT_CONVERSION = YES;
				CLANG_WARN_NON_LITERAL_NULL_CONVERSION = YES;
				CLANG_WARN_OBJC_LITERAL_CONVERSION = YES;
				CLANG_WARN_OBJC_ROOT_CLASS = YES_ERROR;
				CLANG_WARN_RANGE_LOOP_ANALYSIS = YES;
				CLANG_WARN_STRICT_PROTOTYPES = YES;
				CLANG_WARN_SUSPICIOUS_MOVE = YES;
				CLANG_WARN_UNGUARDED_AVAILABILITY = YES_AGGRESSIVE;
				CLANG_WARN_UNREACHABLE_CODE = YES;
				CLANG_WARN__DUPLICATE_METHOD_MATCH = YES;
				CODE_SIGN_IDENTITY = "iPhone Developer";
				COPY_PHASE_STRIP = NO;
				DEBUG_INFORMATION_FORMAT = "dwarf-with-dsym";
				ENABLE_NS_ASSERTIONS = NO;
				ENABLE_STRICT_OBJC_MSGSEND = YES;
				GCC_C_LANGUAGE_STANDARD = gnu11;
				GCC_NO_COMMON_BLOCKS = YES;
				GCC_WARN_64_TO_32_BIT_CONVERSION = YES;
				GCC_WARN_ABOUT_RETURN_TYPE = YES_ERROR;
				GCC_WARN_UNDECLARED_SELECTOR = YES;
				GCC_WARN_UNINITIALIZED_AUTOS = YES_AGGRESSIVE;
				GCC_WARN_UNUSED_FUNCTION = YES;
				GCC_WARN_UNUSED_VARIABLE = YES;
				IPHONEOS_DEPLOYMENT_TARGET = 11.2;
				MTL_ENABLE_DEBUG_INFO = NO;
				SDKROOT = iphoneos;
				SWIFT_OPTIMIZATION_LEVEL = "-Owholemodule";
				VALIDATE_PRODUCT = YES;
			};
			name = Release;
		};
		276ADBEE22493FA300DE8474 /* Debug */ = {
			isa = XCBuildConfiguration;
			buildSettings = {
				ASSETCATALOG_COMPILER_APPICON_NAME = AppIcon;
				CODE_SIGN_STYLE = Automatic;
				INFOPLIST_FILE = Rolodex/Info.plist;
				LD_RUNPATH_SEARCH_PATHS = "$(inherited) @executable_path/Frameworks";
				PRODUCT_BUNDLE_IDENTIFIER = highpoint.edu.Rolodex;
				PRODUCT_NAME = "$(TARGET_NAME)";
				SWIFT_VERSION = 4.0;
				TARGETED_DEVICE_FAMILY = "1,2";
			};
			name = Debug;
		};
		276ADBEF22493FA300DE8474 /* Release */ = {
			isa = XCBuildConfiguration;
			buildSettings = {
				ASSETCATALOG_COMPILER_APPICON_NAME = AppIcon;
				CODE_SIGN_STYLE = Automatic;
				INFOPLIST_FILE = Rolodex/Info.plist;
				LD_RUNPATH_SEARCH_PATHS = "$(inherited) @executable_path/Frameworks";
				PRODUCT_BUNDLE_IDENTIFIER = highpoint.edu.Rolodex;
				PRODUCT_NAME = "$(TARGET_NAME)";
				SWIFT_VERSION = 4.0;
				TARGETED_DEVICE_FAMILY = "1,2";
			};
			name = Release;
		};
/* End XCBuildConfiguration section */

/* Begin XCConfigurationList section */
		276ADBD622493FA200DE8474 /* Build configuration list for PBXProject "Rolodex" */ = {
			isa = XCConfigurationList;
			buildConfigurations = (
				276ADBEB22493FA300DE8474 /* Debug */,
				276ADBEC22493FA300DE8474 /* Release */,
			);
			defaultConfigurationIsVisible = 0;
			defaultConfigurationName = Release;
		};
		276ADBED22493FA300DE8474 /* Build configuration list for PBXNativeTarget "Rolodex" */ = {
			isa = XCConfigurationList;
			buildConfigurations = (
				276ADBEE22493FA300DE8474 /* Debug */,
				276ADBEF22493FA300DE8474 /* Release */,
			);
			defaultConfigurationIsVisible = 0;
			defaultConfigurationName = Release;
		};
/* End XCConfigurationList section */
	};
	rootObject = 276ADBD322493FA200DE8474 /* Project object */;
}
